// !$*UTF8*$!
{
	archiveVersion = 1;
	classes = {
	};
	objectVersion = 48;
	objects = {

/* Begin PBXBuildFile section */
		BF5EA0C0204EF8FD005FA6DF /* AppDelegate.swift in Sources */ = {isa = PBXBuildFile; fileRef = BF5EA0BF204EF8FD005FA6DF /* AppDelegate.swift */; };
		BF5EA0C5204EF8FD005FA6DF /* Main.storyboard in Resources */ = {isa = PBXBuildFile; fileRef = BF5EA0C3204EF8FD005FA6DF /* Main.storyboard */; };
		BF5EA0C7204EF8FD005FA6DF /* Assets.xcassets in Resources */ = {isa = PBXBuildFile; fileRef = BF5EA0C6204EF8FD005FA6DF /* Assets.xcassets */; };
		BF5EA0CA204EF8FD005FA6DF /* LaunchScreen.storyboard in Resources */ = {isa = PBXBuildFile; fileRef = BF5EA0C8204EF8FD005FA6DF /* LaunchScreen.storyboard */; };
		BF5EA0D3204EF9FA005FA6DF /* ListViewController.swift in Sources */ = {isa = PBXBuildFile; fileRef = BF5EA0D2204EF9FA005FA6DF /* ListViewController.swift */; };
		BF5EA0D6204EFA4D005FA6DF /* ListViewModel.swift in Sources */ = {isa = PBXBuildFile; fileRef = BF5EA0D5204EFA4D005FA6DF /* ListViewModel.swift */; };
		BF5EA0D9204EFC7E005FA6DF /* List.swift in Sources */ = {isa = PBXBuildFile; fileRef = BF5EA0D8204EFC7E005FA6DF /* List.swift */; };
		BF5EA0DC204EFE1D005FA6DF /* ListTableViewCell.swift in Sources */ = {isa = PBXBuildFile; fileRef = BF5EA0DB204EFE1D005FA6DF /* ListTableViewCell.swift */; };
/* End PBXBuildFile section */

/* Begin PBXFileReference section */
		BF5EA0BC204EF8FD005FA6DF /* MVVMWithAPISwift.app */ = {isa = PBXFileReference; explicitFileType = wrapper.application; includeInIndex = 0; path = MVVMWithAPISwift.app; sourceTree = BUILT_PRODUCTS_DIR; };
		BF5EA0BF204EF8FD005FA6DF /* AppDelegate.swift */ = {isa = PBXFileReference; lastKnownFileType = sourcecode.swift; path = AppDelegate.swift; sourceTree = "<group>"; };
		BF5EA0C4204EF8FD005FA6DF /* Base */ = {isa = PBXFileReference; lastKnownFileType = file.storyboard; name = Base; path = Base.lproj/Main.storyboard; sourceTree = "<group>"; };
		BF5EA0C6204EF8FD005FA6DF /* Assets.xcassets */ = {isa = PBXFileReference; lastKnownFileType = folder.assetcatalog; path = Assets.xcassets; sourceTree = "<group>"; };
		BF5EA0C9204EF8FD005FA6DF /* Base */ = {isa = PBXFileReference; lastKnownFileType = file.storyboard; name = Base; path = Base.lproj/LaunchScreen.storyboard; sourceTree = "<group>"; };
		BF5EA0CB204EF8FD005FA6DF /* Info.plist */ = {isa = PBXFileReference; lastKnownFileType = text.plist.xml; path = Info.plist; sourceTree = "<group>"; };
		BF5EA0D2204EF9FA005FA6DF /* ListViewController.swift */ = {isa = PBXFileReference; lastKnownFileType = sourcecode.swift; path = ListViewController.swift; sourceTree = "<group>"; };
		BF5EA0D5204EFA4D005FA6DF /* ListViewModel.swift */ = {isa = PBXFileReference; lastKnownFileType = sourcecode.swift; path = ListViewModel.swift; sourceTree = "<group>"; };
		BF5EA0D8204EFC7E005FA6DF /* List.swift */ = {isa = PBXFileReference; lastKnownFileType = sourcecode.swift; path = List.swift; sourceTree = "<group>"; };
		BF5EA0DB204EFE1D005FA6DF /* ListTableViewCell.swift */ = {isa = PBXFileReference; lastKnownFileType = sourcecode.swift; path = ListTableViewCell.swift; sourceTree = "<group>"; };
/* End PBXFileReference section */

/* Begin PBXFrameworksBuildPhase section */
		BF5EA0B9204EF8FD005FA6DF /* Frameworks */ = {
			isa = PBXFrameworksBuildPhase;
			buildActionMask = 2147483647;
			files = (
			);
			runOnlyForDeploymentPostprocessing = 0;
		};
/* End PBXFrameworksBuildPhase section */

/* Begin PBXGroup section */
		BF5EA0B3204EF8FD005FA6DF = {
			isa = PBXGroup;
			children = (
				BF5EA0BE204EF8FD005FA6DF /* MVVMWithAPISwift */,
				BF5EA0BD204EF8FD005FA6DF /* Products */,
			);
			sourceTree = "<group>";
		};
		BF5EA0BD204EF8FD005FA6DF /* Products */ = {
			isa = PBXGroup;
			children = (
				BF5EA0BC204EF8FD005FA6DF /* MVVMWithAPISwift.app */,
			);
			name = Products;
			sourceTree = "<group>";
		};
		BF5EA0BE204EF8FD005FA6DF /* MVVMWithAPISwift */ = {
			isa = PBXGroup;
			children = (
				BF5EA0D7204EFC5F005FA6DF /* Model */,
				BF5EA0D4204EFA13005FA6DF /* ViewModel */,
				BF5EA0D1204EF9D5005FA6DF /* ViewController */,
				BF5EA0BF204EF8FD005FA6DF /* AppDelegate.swift */,
				BF5EA0C3204EF8FD005FA6DF /* Main.storyboard */,
				BF5EA0C6204EF8FD005FA6DF /* Assets.xcassets */,
				BF5EA0C8204EF8FD005FA6DF /* LaunchScreen.storyboard */,
				BF5EA0CB204EF8FD005FA6DF /* Info.plist */,
			);
			path = MVVMWithAPISwift;
			sourceTree = "<group>";
		};
		BF5EA0D1204EF9D5005FA6DF /* ViewController */ = {
			isa = PBXGroup;
			children = (
				BF5EA0DA204EFDF5005FA6DF /* TableViewCell */,
				BF5EA0D2204EF9FA005FA6DF /* ListViewController.swift */,
			);
			path = ViewController;
			sourceTree = "<group>";
		};
		BF5EA0D4204EFA13005FA6DF /* ViewModel */ = {
			isa = PBXGroup;
			children = (
				BF5EA0D5204EFA4D005FA6DF /* ListViewModel.swift */,
			);
			path = ViewModel;
			sourceTree = "<group>";
		};
		BF5EA0D7204EFC5F005FA6DF /* Model */ = {
			isa = PBXGroup;
			children = (
				BF5EA0D8204EFC7E005FA6DF /* List.swift */,
			);
			path = Model;
			sourceTree = "<group>";
		};
		BF5EA0DA204EFDF5005FA6DF /* TableViewCell */ = {
			isa = PBXGroup;
			children = (
				BF5EA0DB204EFE1D005FA6DF /* ListTableViewCell.swift */,
			);
			path = TableViewCell;
			sourceTree = "<group>";
		};
/* End PBXGroup section */

/* Begin PBXNativeTarget section */
		BF5EA0BB204EF8FD005FA6DF /* MVVMWithAPISwift */ = {
			isa = PBXNativeTarget;
			buildConfigurationList = BF5EA0CE204EF8FD005FA6DF /* Build configuration list for PBXNativeTarget "MVVMWithAPISwift" */;
			buildPhases = (
				BF5EA0B8204EF8FD005FA6DF /* Sources */,
				BF5EA0B9204EF8FD005FA6DF /* Frameworks */,
				BF5EA0BA204EF8FD005FA6DF /* Resources */,
			);
			buildRules = (
			);
			dependencies = (
			);
			name = MVVMWithAPISwift;
			productName = MVVMWithAPISwift;
			productReference = BF5EA0BC204EF8FD005FA6DF /* MVVMWithAPISwift.app */;
			productType = "com.apple.product-type.application";
		};
/* End PBXNativeTarget section */

/* Begin PBXProject section */
		BF5EA0B4204EF8FD005FA6DF /* Project object */ = {
			isa = PBXProject;
			attributes = {
				LastSwiftUpdateCheck = 0920;
				LastUpgradeCheck = 0920;
				ORGANIZATIONNAME = "Pratik Lad";
				TargetAttributes = {
					BF5EA0BB204EF8FD005FA6DF = {
						CreatedOnToolsVersion = 9.2;
						ProvisioningStyle = Automatic;
					};
				};
			};
			buildConfigurationList = BF5EA0B7204EF8FD005FA6DF /* Build configuration list for PBXProject "MVVMWithAPISwift" */;
			compatibilityVersion = "Xcode 8.0";
			developmentRegion = en;
			hasScannedForEncodings = 0;
			knownRegions = (
				en,
				Base,
			);
			mainGroup = BF5EA0B3204EF8FD005FA6DF;
			productRefGroup = BF5EA0BD204EF8FD005FA6DF /* Products */;
			projectDirPath = "";
			projectRoot = "";
			targets = (
				BF5EA0BB204EF8FD005FA6DF /* MVVMWithAPISwift */,
			);
		};
/* End PBXProject section */

/* Begin PBXResourcesBuildPhase section */
		BF5EA0BA204EF8FD005FA6DF /* Resources */ = {
			isa = PBXResourcesBuildPhase;
			buildActionMask = 2147483647;
			files = (
				BF5EA0CA204EF8FD005FA6DF /* LaunchScreen.storyboard in Resources */,
				BF5EA0C7204EF8FD005FA6DF /* Assets.xcassets in Resources */,
				BF5EA0C5204EF8FD005FA6DF /* Main.storyboard in Resources */,
			);
			runOnlyForDeploymentPostprocessing = 0;
		};
/* End PBXResourcesBuildPhase section */

/* Begin PBXSourcesBuildPhase section */
		BF5EA0B8204EF8FD005FA6DF /* Sources */ = {
			isa = PBXSourcesBuildPhase;
			buildActionMask = 2147483647;
			files = (
				BF5EA0D3204EF9FA005FA6DF /* ListViewController.swift in Sources */,
				BF5EA0D9204EFC7E005FA6DF /* List.swift in Sources */,
				BF5EA0C0204EF8FD005FA6DF /* AppDelegate.swift in Sources */,
				BF5EA0D6204EFA4D005FA6DF /* ListViewModel.swift in Sources */,
				BF5EA0DC204EFE1D005FA6DF /* ListTableViewCell.swift in Sources */,
			);
			runOnlyForDeploymentPostprocessing = 0;
		};
/* End PBXSourcesBuildPhase section */

/* Begin PBXVariantGroup section */
		BF5EA0C3204EF8FD005FA6DF /* Main.storyboard */ = {
			isa = PBXVariantGroup;
			children = (
				BF5EA0C4204EF8FD005FA6DF /* Base */,
			);
			name = Main.storyboard;
			sourceTree = "<group>";
		};
		BF5EA0C8204EF8FD005FA6DF /* LaunchScreen.storyboard */ = {
			isa = PBXVariantGroup;
			children = (
				BF5EA0C9204EF8FD005FA6DF /* Base */,
			);
			name = LaunchScreen.storyboard;
			sourceTree = "<group>";
		};
/* End PBXVariantGroup section */

/* Begin XCBuildConfiguration section */
		BF5EA0CC204EF8FD005FA6DF /* Debug */ = {
			isa = XCBuildConfiguration;
			buildSettings = {
				ALWAYS_SEARCH_USER_PATHS = NO;
				CLANG_ANALYZER_NONNULL = YES;
				CLANG_ANALYZER_NUMBER_OBJECT_CONVERSION = YES_AGGRESSIVE;
				CLANG_CXX_LANGUAGE_STANDARD = "gnu++14";
				CLANG_CXX_LIBRARY = "libc++";
				CLANG_ENABLE_MODULES = YES;
				CLANG_ENABLE_OBJC_ARC = YES;
				CLANG_WARN_BLOCK_CAPTURE_AUTORELEASING = YES;
				CLANG_WARN_BOOL_CONVERSION = YES;
				CLANG_WARN_COMMA = YES;
				CLANG_WARN_CONSTANT_CONVERSION = YES;
				CLANG_WARN_DIRECT_OBJC_ISA_USAGE = YES_ERROR;
				CLANG_WARN_DOCUMENTATION_COMMENTS = YES;
				CLANG_WARN_EMPTY_BODY = YES;
				CLANG_WARN_ENUM_CONVERSION = YES;
				CLANG_WARN_INFINITE_RECURSION = YES;
				CLANG_WARN_INT_CONVERSION = YES;
				CLANG_WARN_NON_LITERAL_NULL_CONVERSION = YES;
				CLANG_WARN_OBJC_LITERAL_CONVERSION = YES;
				CLANG_WARN_OBJC_ROOT_CLASS = YES_ERROR;
				CLANG_WARN_RANGE_LOOP_ANALYSIS = YES;
				CLANG_WARN_STRICT_PROTOTYPES = YES;
				CLANG_WARN_SUSPICIOUS_MOVE = YES;
				CLANG_WARN_UNGUARDED_AVAILABILITY = YES_AGGRESSIVE;
				CLANG_WARN_UNREACHABLE_CODE = YES;
				CLANG_WARN__DUPLICATE_METHOD_MATCH = YES;
				CODE_SIGN_IDENTITY = "iPhone Developer";
				COPY_PHASE_STRIP = NO;
				DEBUG_INFORMATION_FORMAT = dwarf;
				ENABLE_STRICT_OBJC_MSGSEND = YES;
				ENABLE_TESTABILITY = YES;
				GCC_C_LANGUAGE_STANDARD = gnu11;
				GCC_DYNAMIC_NO_PIC = NO;
				GCC_NO_COMMON_BLOCKS = YES;
				GCC_OPTIMIZATION_LEVEL = 0;
				GCC_PREPROCESSOR_DEFINITIONS = (
					"DEBUG=1",
					"$(inherited)",
				);
				GCC_WARN_64_TO_32_BIT_CONVERSION = YES;
				GCC_WARN_ABOUT_RETURN_TYPE = YES_ERROR;
				GCC_WARN_UNDECLARED_SELECTOR = YES;
				GCC_WARN_UNINITIALIZED_AUTOS = YES_AGGRESSIVE;
				GCC_WARN_UNUSED_FUNCTION = YES;
				GCC_WARN_UNUSED_VARIABLE = YES;
				IPHONEOS_DEPLOYMENT_TARGET = 11.2;
				MTL_ENABLE_DEBUG_INFO = YES;
				ONLY_ACTIVE_ARCH = YES;
				SDKROOT = iphoneos;
				SWIFT_ACTIVE_COMPILATION_CONDITIONS = DEBUG;
				SWIFT_OPTIMIZATION_LEVEL = "-Onone";
			};
			name = Debug;
		};
		BF5EA0CD204EF8FD005FA6DF /* Release */ = {
			isa = XCBuildConfiguration;
			buildSettings = {
				ALWAYS_SEARCH_USER_PATHS = NO;
				CLANG_ANALYZER_NONNULL = YES;
				CLANG_ANALYZER_NUMBER_OBJECT_CONVERSION = YES_AGGRESSIVE;
				CLANG_CXX_LANGUAGE_STANDARD = "gnu++14";
				CLANG_CXX_LIBRARY = "libc++";
				CLANG_ENABLE_MODULES = YES;
				CLANG_ENABLE_OBJC_ARC = YES;
				CLANG_WARN_BLOCK_CAPTURE_AUTORELEASING = YES;
				CLANG_WARN_BOOL_CONVERSION = YES;
				CLANG_WARN_COMMA = YES;
				CLANG_WARN_CONSTANT_CONVERSION = YES;
				CLANG_WARN_DIRECT_OBJC_ISA_USAGE = YES_ERROR;
				CLANG_WARN_DOCUMENTATION_COMMENTS = YES;
				CLANG_WARN_EMPTY_BODY = YES;
				CLANG_WARN_ENUM_CONVERSION = YES;
				CLANG_WARN_INFINITE_RECURSION = YES;
				CLANG_WARN_INT_CONVERSION = YES;
				CLANG_WARN_NON_LITERAL_NULL_CONVERSION = YES;
				CLANG_WARN_OBJC_LITERAL_CONVERSION = YES;
				CLANG_WARN_OBJC_ROOT_CLASS = YES_ERROR;
				CLANG_WARN_RANGE_LOOP_ANALYSIS = YES;
				CLANG_WARN_STRICT_PROTOTYPES = YES;
				CLANG_WARN_SUSPICIOUS_MOVE = YES;
				CLANG_WARN_UNGUARDED_AVAILABILITY = YES_AGGRESSIVE;
				CLANG_WARN_UNREACHABLE_CODE = YES;
				CLANG_WARN__DUPLICATE_METHOD_MATCH = YES;
				CODE_SIGN_IDENTITY = "iPhone Developer";
				COPY_PHASE_STRIP = NO;
				DEBUG_INFORMATION_FORMAT = "dwarf-with-dsym";
				ENABLE_NS_ASSERTIONS = NO;
				ENABLE_STRICT_OBJC_MSGSEND = YES;
				GCC_C_LANGUAGE_STANDARD = gnu11;
				GCC_NO_COMMON_BLOCKS = YES;
				GCC_WARN_64_TO_32_BIT_CONVERSION = YES;
				GCC_WARN_ABOUT_RETURN_TYPE = YES_ERROR;
				GCC_WARN_UNDECLARED_SELECTOR = YES;
				GCC_WARN_UNINITIALIZED_AUTOS = YES_AGGRESSIVE;
				GCC_WARN_UNUSED_FUNCTION = YES;
				GCC_WARN_UNUSED_VARIABLE = YES;
				IPHONEOS_DEPLOYMENT_TARGET = 11.2;
				MTL_ENABLE_DEBUG_INFO = NO;
				SDKROOT = iphoneos;
				SWIFT_OPTIMIZATION_LEVEL = "-Owholemodule";
				VALIDATE_PRODUCT = YES;
			};
			name = Release;
		};
		BF5EA0CF204EF8FD005FA6DF /* Debug */ = {
			isa = XCBuildConfiguration;
			buildSettings = {
				ASSETCATALOG_COMPILER_APPICON_NAME = AppIcon;
				CODE_SIGN_STYLE = Automatic;
				INFOPLIST_FILE = MVVMWithAPISwift/Info.plist;
				LD_RUNPATH_SEARCH_PATHS = "$(inherited) @executable_path/Frameworks";
				PRODUCT_BUNDLE_IDENTIFIER = com.pratik.MVVMWithAPISwift;
				PRODUCT_NAME = "$(TARGET_NAME)";
				SWIFT_VERSION = 4.0;
				TARGETED_DEVICE_FAMILY = "1,2";
			};
			name = Debug;
		};
		BF5EA0D0204EF8FD005FA6DF /* Release */ = {
			isa = XCBuildConfiguration;
			buildSettings = {
				ASSETCATALOG_COMPILER_APPICON_NAME = AppIcon;
				CODE_SIGN_STYLE = Automatic;
				INFOPLIST_FILE = MVVMWithAPISwift/Info.plist;
				LD_RUNPATH_SEARCH_PATHS = "$(inherited) @executable_path/Frameworks";
				PRODUCT_BUNDLE_IDENTIFIER = com.pratik.MVVMWithAPISwift;
				PRODUCT_NAME = "$(TARGET_NAME)";
				SWIFT_VERSION = 4.0;
				TARGETED_DEVICE_FAMILY = "1,2";
			};
			name = Release;
		};
/* End XCBuildConfiguration section */

/* Begin XCConfigurationList section */
		BF5EA0B7204EF8FD005FA6DF /* Build configuration list for PBXProject "MVVMWithAPISwift" */ = {
			isa = XCConfigurationList;
			buildConfigurations = (
				BF5EA0CC204EF8FD005FA6DF /* Debug */,
				BF5EA0CD204EF8FD005FA6DF /* Release */,
			);
			defaultConfigurationIsVisible = 0;
			defaultConfigurationName = Release;
		};
		BF5EA0CE204EF8FD005FA6DF /* Build configuration list for PBXNativeTarget "MVVMWithAPISwift" */ = {
			isa = XCConfigurationList;
			buildConfigurations = (
				BF5EA0CF204EF8FD005FA6DF /* Debug */,
				BF5EA0D0204EF8FD005FA6DF /* Release */,
			);
			defaultConfigurationIsVisible = 0;
			defaultConfigurationName = Release;
		};
/* End XCConfigurationList section */
	};
	rootObject = BF5EA0B4204EF8FD005FA6DF /* Project object */;
}
